{
  "object": {
    "pins": [
      {
        "package": "Kingfisher",
        "repositoryURL": "https://github.com/onevcat/Kingfisher",
        "state": {
          "branch": null,
          "revision": "44450a8f564d7c0165f736ba2250649ff8d3e556",
          "version": "6.3.0"
        }
      },
      {
        "package": "PhotoSlider",
        "repositoryURL": "https://github.com/ChargeMap/PhotoSlider",
        "state": {
          "branch": "spm",
          "revision": "3c8495c3f6f82a55afe84b3eacf9cb195aa110da",
          "version": null
        }
      }
    ]
  },
  "version": 1
}
